// !$*UTF8*$!
{
	archiveVersion = 1;
	classes = {
	};
	objectVersion = 56;
	objects = {

/* Begin PBXBuildFile section */
		198438322BB2861E00DD767B /* Manager.swift in Sources */ = {isa = PBXBuildFile; fileRef = 198438312BB2861E00DD767B /* Manager.swift */; };
		198438342BB2862D00DD767B /* Material.swift in Sources */ = {isa = PBXBuildFile; fileRef = 198438332BB2862D00DD767B /* Material.swift */; };
		198438362BB2865900DD767B /* MorseData.swift in Sources */ = {isa = PBXBuildFile; fileRef = 198438352BB2865900DD767B /* MorseData.swift */; };
		198438382BB290D400DD767B /* SoundPlayer.swift in Sources */ = {isa = PBXBuildFile; fileRef = 198438372BB290D400DD767B /* SoundPlayer.swift */; };
		199D7E332BB5038100BE35D1 /* (null) in Sources */ = {isa = PBXBuildFile; };
		199D7E402BB503CB00BE35D1 /* (null) in Sources */ = {isa = PBXBuildFile; };
		199D7E432BB50B8D00BE35D1 /* HomeViewModel.swift in Sources */ = {isa = PBXBuildFile; fileRef = 199D7E422BB50B8D00BE35D1 /* HomeViewModel.swift */; };
		199D7E462BB50BB500BE35D1 /* ProfileViewModel.swift in Sources */ = {isa = PBXBuildFile; fileRef = 199D7E452BB50BB500BE35D1 /* ProfileViewModel.swift */; };
		199D7E482BB50BC400BE35D1 /* SentViewModel.swift in Sources */ = {isa = PBXBuildFile; fileRef = 199D7E472BB50BC400BE35D1 /* SentViewModel.swift */; };
		4DEE1E2F2BB3F0E8009FA417 /* 851Gkktt_005.ttf in Resources */ = {isa = PBXBuildFile; fileRef = 4DEE1E2D2BB3EF79009FA417 /* 851Gkktt_005.ttf */; };
		5D56D7DD2BB532D400FDF72E /* SentView.swift in Sources */ = {isa = PBXBuildFile; fileRef = 5DDECC162BB531CF002ABF34 /* SentView.swift */; };
		5D56D7E02BB533DE00FDF72E /* ProfileView.swift in Sources */ = {isa = PBXBuildFile; fileRef = 5D56D7DF2BB533DE00FDF72E /* ProfileView.swift */; };
		5D56D7E32BB534A900FDF72E /* FirebaseFirestore in Frameworks */ = {isa = PBXBuildFile; productRef = 5D56D7E22BB534A900FDF72E /* FirebaseFirestore */; };
		5D56D7E52BB534A900FDF72E /* FirebaseFirestoreCombine-Community in Frameworks */ = {isa = PBXBuildFile; productRef = 5D56D7E42BB534A900FDF72E /* FirebaseFirestoreCombine-Community */; };
		5D56D7E72BB534A900FDF72E /* FirebaseFirestoreSwift in Frameworks */ = {isa = PBXBuildFile; productRef = 5D56D7E62BB534A900FDF72E /* FirebaseFirestoreSwift */; };
		5D56D7E92BB534CF00FDF72E /* FirebaseDatabase in Frameworks */ = {isa = PBXBuildFile; productRef = 5D56D7E82BB534CF00FDF72E /* FirebaseDatabase */; };
		5D56D7EB2BB534CF00FDF72E /* FirebaseDatabaseSwift in Frameworks */ = {isa = PBXBuildFile; productRef = 5D56D7EA2BB534CF00FDF72E /* FirebaseDatabaseSwift */; };
		5D56D7EC2BB534FD00FDF72E /* HomeView.swift in Sources */ = {isa = PBXBuildFile; fileRef = 5DDECC122BB53016002ABF34 /* HomeView.swift */; };
		5DDECBDE2BB5251D002ABF34 /* GetViewModel.swift in Sources */ = {isa = PBXBuildFile; fileRef = 5DDECBD32BB5251D002ABF34 /* GetViewModel.swift */; };
		5DDECBDF2BB5251D002ABF34 /* SetProfileViewModel.swift in Sources */ = {isa = PBXBuildFile; fileRef = 5DDECBD42BB5251D002ABF34 /* SetProfileViewModel.swift */; };
		5DDECBE02BB5251D002ABF34 /* SendViewModel.swift in Sources */ = {isa = PBXBuildFile; fileRef = 5DDECBD52BB5251D002ABF34 /* SendViewModel.swift */; };
		5DDECBE12BB5251D002ABF34 /* SendToDB.swift in Sources */ = {isa = PBXBuildFile; fileRef = 5DDECBD72BB5251D002ABF34 /* SendToDB.swift */; };
		5DDECBE22BB5251D002ABF34 /* CheckPermission.swift in Sources */ = {isa = PBXBuildFile; fileRef = 5DDECBD82BB5251D002ABF34 /* CheckPermission.swift */; };
		5DDECBE32BB5251D002ABF34 /* ChangeImageSize.swift in Sources */ = {isa = PBXBuildFile; fileRef = 5DDECBD92BB5251D002ABF34 /* ChangeImageSize.swift */; };
		5DDECBE42BB5251D002ABF34 /* AsyncCompactMap.swift in Sources */ = {isa = PBXBuildFile; fileRef = 5DDECBDA2BB5251D002ABF34 /* AsyncCompactMap.swift */; };
		5DDECBE52BB5251D002ABF34 /* FirebaseClient.swift in Sources */ = {isa = PBXBuildFile; fileRef = 5DDECBDB2BB5251D002ABF34 /* FirebaseClient.swift */; };
		5DDECBE62BB5251D002ABF34 /* Models.swift in Sources */ = {isa = PBXBuildFile; fileRef = 5DDECBDC2BB5251D002ABF34 /* Models.swift */; };
		5DDECBE72BB5251D002ABF34 /* UIImagePickerView.swift in Sources */ = {isa = PBXBuildFile; fileRef = 5DDECBDD2BB5251D002ABF34 /* UIImagePickerView.swift */; };
		5DDECBEA2BB5256A002ABF34 /* FirebaseAnalytics in Frameworks */ = {isa = PBXBuildFile; productRef = 5DDECBE92BB5256A002ABF34 /* FirebaseAnalytics */; };
		5DDECBEC2BB5256A002ABF34 /* FirebaseAnalyticsOnDeviceConversion in Frameworks */ = {isa = PBXBuildFile; productRef = 5DDECBEB2BB5256A002ABF34 /* FirebaseAnalyticsOnDeviceConversion */; };
		5DDECBEE2BB5256A002ABF34 /* FirebaseAnalyticsSwift in Frameworks */ = {isa = PBXBuildFile; productRef = 5DDECBED2BB5256A002ABF34 /* FirebaseAnalyticsSwift */; };
		5DDECBF02BB5256A002ABF34 /* FirebaseAnalyticsWithoutAdIdSupport in Frameworks */ = {isa = PBXBuildFile; productRef = 5DDECBEF2BB5256A002ABF34 /* FirebaseAnalyticsWithoutAdIdSupport */; };
		5DDECBF22BB5256A002ABF34 /* FirebaseAppCheck in Frameworks */ = {isa = PBXBuildFile; productRef = 5DDECBF12BB5256A002ABF34 /* FirebaseAppCheck */; };
		5DDECBF42BB5256A002ABF34 /* FirebaseAppDistribution-Beta in Frameworks */ = {isa = PBXBuildFile; productRef = 5DDECBF32BB5256A002ABF34 /* FirebaseAppDistribution-Beta */; };
		5DDECBF62BB5256A002ABF34 /* FirebaseAuth in Frameworks */ = {isa = PBXBuildFile; productRef = 5DDECBF52BB5256A002ABF34 /* FirebaseAuth */; };
		5DDECBF82BB5256A002ABF34 /* FirebaseAuthCombine-Community in Frameworks */ = {isa = PBXBuildFile; productRef = 5DDECBF72BB5256A002ABF34 /* FirebaseAuthCombine-Community */; };
		5DDECBFA2BB5256A002ABF34 /* FirebaseCrashlytics in Frameworks */ = {isa = PBXBuildFile; productRef = 5DDECBF92BB5256A002ABF34 /* FirebaseCrashlytics */; };
		5DDECBFC2BB5256A002ABF34 /* FirebaseInAppMessagingSwift-Beta in Frameworks */ = {isa = PBXBuildFile; productRef = 5DDECBFB2BB5256A002ABF34 /* FirebaseInAppMessagingSwift-Beta */; };
		5DDECBFE2BB5256A002ABF34 /* FirebaseInstallations in Frameworks */ = {isa = PBXBuildFile; productRef = 5DDECBFD2BB5256A002ABF34 /* FirebaseInstallations */; };
		5DDECC002BB5256A002ABF34 /* FirebaseMLModelDownloader in Frameworks */ = {isa = PBXBuildFile; productRef = 5DDECBFF2BB5256A002ABF34 /* FirebaseMLModelDownloader */; };
		5DDECC022BB5256A002ABF34 /* FirebaseMessaging in Frameworks */ = {isa = PBXBuildFile; productRef = 5DDECC012BB5256A002ABF34 /* FirebaseMessaging */; };
		5DDECC042BB5256A002ABF34 /* FirebasePerformance in Frameworks */ = {isa = PBXBuildFile; productRef = 5DDECC032BB5256A002ABF34 /* FirebasePerformance */; };
		5DDECC062BB5256A002ABF34 /* FirebaseRemoteConfig in Frameworks */ = {isa = PBXBuildFile; productRef = 5DDECC052BB5256A002ABF34 /* FirebaseRemoteConfig */; };
		5DDECC082BB5256A002ABF34 /* FirebaseRemoteConfigSwift in Frameworks */ = {isa = PBXBuildFile; productRef = 5DDECC072BB5256A002ABF34 /* FirebaseRemoteConfigSwift */; };
		5DDECC0A2BB5256A002ABF34 /* FirebaseStorage in Frameworks */ = {isa = PBXBuildFile; productRef = 5DDECC092BB5256A002ABF34 /* FirebaseStorage */; };
		5DDECC0C2BB5256A002ABF34 /* FirebaseStorageCombine-Community in Frameworks */ = {isa = PBXBuildFile; productRef = 5DDECC0B2BB5256A002ABF34 /* FirebaseStorageCombine-Community */; };
		5DDECC192BB531E3002ABF34 /* FriendListView.swift in Sources */ = {isa = PBXBuildFile; fileRef = 5DDECC182BB531E3002ABF34 /* FriendListView.swift */; };
		CEC8B8ED2BB1AAD4002317CC /* morse_appApp.swift in Sources */ = {isa = PBXBuildFile; fileRef = CEC8B8EC2BB1AAD4002317CC /* morse_appApp.swift */; };
		CEC8B8EF2BB1AAD4002317CC /* ContentView.swift in Sources */ = {isa = PBXBuildFile; fileRef = CEC8B8EE2BB1AAD4002317CC /* ContentView.swift */; };
		CEC8B8F12BB1AAD5002317CC /* Assets.xcassets in Resources */ = {isa = PBXBuildFile; fileRef = CEC8B8F02BB1AAD5002317CC /* Assets.xcassets */; };
		CEC8B8F42BB1AAD5002317CC /* Preview Assets.xcassets in Resources */ = {isa = PBXBuildFile; fileRef = CEC8B8F32BB1AAD5002317CC /* Preview Assets.xcassets */; };
/* End PBXBuildFile section */

/* Begin PBXFileReference section */
		198438312BB2861E00DD767B /* Manager.swift */ = {isa = PBXFileReference; lastKnownFileType = sourcecode.swift; path = Manager.swift; sourceTree = "<group>"; };
		198438332BB2862D00DD767B /* Material.swift */ = {isa = PBXFileReference; lastKnownFileType = sourcecode.swift; path = Material.swift; sourceTree = "<group>"; };
		198438352BB2865900DD767B /* MorseData.swift */ = {isa = PBXFileReference; lastKnownFileType = sourcecode.swift; path = MorseData.swift; sourceTree = "<group>"; };
		198438372BB290D400DD767B /* SoundPlayer.swift */ = {isa = PBXFileReference; lastKnownFileType = sourcecode.swift; path = SoundPlayer.swift; sourceTree = "<group>"; };
		199D7E272BB5038100BE35D1 /* HomeView.swift */ = {isa = PBXFileReference; fileEncoding = 4; lastKnownFileType = sourcecode.swift; path = HomeView.swift; sourceTree = "<group>"; };
		199D7E422BB50B8D00BE35D1 /* HomeViewModel.swift */ = {isa = PBXFileReference; lastKnownFileType = sourcecode.swift; path = HomeViewModel.swift; sourceTree = "<group>"; };
		199D7E452BB50BB500BE35D1 /* ProfileViewModel.swift */ = {isa = PBXFileReference; lastKnownFileType = sourcecode.swift; path = ProfileViewModel.swift; sourceTree = "<group>"; };
		199D7E472BB50BC400BE35D1 /* SentViewModel.swift */ = {isa = PBXFileReference; lastKnownFileType = sourcecode.swift; path = SentViewModel.swift; sourceTree = "<group>"; };
		4DEE1E2D2BB3EF79009FA417 /* 851Gkktt_005.ttf */ = {isa = PBXFileReference; lastKnownFileType = file; path = 851Gkktt_005.ttf; sourceTree = "<group>"; };
		4DEE1E2E2BB3F094009FA417 /* Info.plist */ = {isa = PBXFileReference; lastKnownFileType = text.plist; path = Info.plist; sourceTree = "<group>"; };
		5D56D7DF2BB533DE00FDF72E /* ProfileView.swift */ = {isa = PBXFileReference; fileEncoding = 4; lastKnownFileType = sourcecode.swift; path = ProfileView.swift; sourceTree = "<group>"; };
		5DDECBD32BB5251D002ABF34 /* GetViewModel.swift */ = {isa = PBXFileReference; fileEncoding = 4; lastKnownFileType = sourcecode.swift; path = GetViewModel.swift; sourceTree = "<group>"; };
		5DDECBD42BB5251D002ABF34 /* SetProfileViewModel.swift */ = {isa = PBXFileReference; fileEncoding = 4; lastKnownFileType = sourcecode.swift; path = SetProfileViewModel.swift; sourceTree = "<group>"; };
		5DDECBD52BB5251D002ABF34 /* SendViewModel.swift */ = {isa = PBXFileReference; fileEncoding = 4; lastKnownFileType = sourcecode.swift; path = SendViewModel.swift; sourceTree = "<group>"; };
		5DDECBD72BB5251D002ABF34 /* SendToDB.swift */ = {isa = PBXFileReference; fileEncoding = 4; lastKnownFileType = sourcecode.swift; path = SendToDB.swift; sourceTree = "<group>"; };
		5DDECBD82BB5251D002ABF34 /* CheckPermission.swift */ = {isa = PBXFileReference; fileEncoding = 4; lastKnownFileType = sourcecode.swift; path = CheckPermission.swift; sourceTree = "<group>"; };
		5DDECBD92BB5251D002ABF34 /* ChangeImageSize.swift */ = {isa = PBXFileReference; fileEncoding = 4; lastKnownFileType = sourcecode.swift; path = ChangeImageSize.swift; sourceTree = "<group>"; };
		5DDECBDA2BB5251D002ABF34 /* AsyncCompactMap.swift */ = {isa = PBXFileReference; fileEncoding = 4; lastKnownFileType = sourcecode.swift; path = AsyncCompactMap.swift; sourceTree = "<group>"; };
		5DDECBDB2BB5251D002ABF34 /* FirebaseClient.swift */ = {isa = PBXFileReference; fileEncoding = 4; lastKnownFileType = sourcecode.swift; path = FirebaseClient.swift; sourceTree = "<group>"; };
		5DDECBDC2BB5251D002ABF34 /* Models.swift */ = {isa = PBXFileReference; fileEncoding = 4; lastKnownFileType = sourcecode.swift; path = Models.swift; sourceTree = "<group>"; };
		5DDECBDD2BB5251D002ABF34 /* UIImagePickerView.swift */ = {isa = PBXFileReference; fileEncoding = 4; lastKnownFileType = sourcecode.swift; path = UIImagePickerView.swift; sourceTree = "<group>"; };
		5DDECC122BB53016002ABF34 /* HomeView.swift */ = {isa = PBXFileReference; lastKnownFileType = sourcecode.swift; path = HomeView.swift; sourceTree = "<group>"; };
		5DDECC162BB531CF002ABF34 /* SentView.swift */ = {isa = PBXFileReference; fileEncoding = 4; lastKnownFileType = sourcecode.swift; name = SentView.swift; path = "morse-app/Pages/SentPage/SentView.swift"; sourceTree = SOURCE_ROOT; };
		5DDECC182BB531E3002ABF34 /* FriendListView.swift */ = {isa = PBXFileReference; fileEncoding = 4; lastKnownFileType = sourcecode.swift; name = FriendListView.swift; path = "morse-app/Pages/FriendList/FriendList/FriendListView.swift"; sourceTree = SOURCE_ROOT; };
		CEC8B8E92BB1AAD4002317CC /* morse-app.app */ = {isa = PBXFileReference; explicitFileType = wrapper.application; includeInIndex = 0; path = "morse-app.app"; sourceTree = BUILT_PRODUCTS_DIR; };
		CEC8B8EC2BB1AAD4002317CC /* morse_appApp.swift */ = {isa = PBXFileReference; lastKnownFileType = sourcecode.swift; path = morse_appApp.swift; sourceTree = "<group>"; };
		CEC8B8EE2BB1AAD4002317CC /* ContentView.swift */ = {isa = PBXFileReference; lastKnownFileType = sourcecode.swift; path = ContentView.swift; sourceTree = "<group>"; };
		CEC8B8F02BB1AAD5002317CC /* Assets.xcassets */ = {isa = PBXFileReference; lastKnownFileType = folder.assetcatalog; path = Assets.xcassets; sourceTree = "<group>"; };
		CEC8B8F32BB1AAD5002317CC /* Preview Assets.xcassets */ = {isa = PBXFileReference; lastKnownFileType = folder.assetcatalog; path = "Preview Assets.xcassets"; sourceTree = "<group>"; };
/* End PBXFileReference section */

/* Begin PBXFrameworksBuildPhase section */
		CEC8B8E62BB1AAD4002317CC /* Frameworks */ = {
			isa = PBXFrameworksBuildPhase;
			buildActionMask = 2147483647;
			files = (
				5DDECC042BB5256A002ABF34 /* FirebasePerformance in Frameworks */,
				5DDECBFE2BB5256A002ABF34 /* FirebaseInstallations in Frameworks */,
				5DDECBEE2BB5256A002ABF34 /* FirebaseAnalyticsSwift in Frameworks */,
				5DDECBEA2BB5256A002ABF34 /* FirebaseAnalytics in Frameworks */,
				5D56D7E32BB534A900FDF72E /* FirebaseFirestore in Frameworks */,
				5DDECC002BB5256A002ABF34 /* FirebaseMLModelDownloader in Frameworks */,
				5DDECBFC2BB5256A002ABF34 /* FirebaseInAppMessagingSwift-Beta in Frameworks */,
				5DDECBEC2BB5256A002ABF34 /* FirebaseAnalyticsOnDeviceConversion in Frameworks */,
				5D56D7E92BB534CF00FDF72E /* FirebaseDatabase in Frameworks */,
				5DDECBF22BB5256A002ABF34 /* FirebaseAppCheck in Frameworks */,
				5DDECBF02BB5256A002ABF34 /* FirebaseAnalyticsWithoutAdIdSupport in Frameworks */,
				5D56D7EB2BB534CF00FDF72E /* FirebaseDatabaseSwift in Frameworks */,
				5DDECC082BB5256A002ABF34 /* FirebaseRemoteConfigSwift in Frameworks */,
				5DDECC062BB5256A002ABF34 /* FirebaseRemoteConfig in Frameworks */,
				5DDECC022BB5256A002ABF34 /* FirebaseMessaging in Frameworks */,
				5D56D7E52BB534A900FDF72E /* FirebaseFirestoreCombine-Community in Frameworks */,
				5DDECC0A2BB5256A002ABF34 /* FirebaseStorage in Frameworks */,
				5DDECBF62BB5256A002ABF34 /* FirebaseAuth in Frameworks */,
				5DDECBFA2BB5256A002ABF34 /* FirebaseCrashlytics in Frameworks */,
				5D56D7E72BB534A900FDF72E /* FirebaseFirestoreSwift in Frameworks */,
				5DDECBF42BB5256A002ABF34 /* FirebaseAppDistribution-Beta in Frameworks */,
				5DDECC0C2BB5256A002ABF34 /* FirebaseStorageCombine-Community in Frameworks */,
				5DDECBF82BB5256A002ABF34 /* FirebaseAuthCombine-Community in Frameworks */,
			);
			runOnlyForDeploymentPostprocessing = 0;
		};
/* End PBXFrameworksBuildPhase section */

/* Begin PBXGroup section */
		199D7E282BB5038100BE35D1 /* Views */ = {
			isa = PBXGroup;
			children = (
				199D7E272BB5038100BE35D1 /* HomeView.swift */,
			);
			path = Views;
			sourceTree = "<group>";
		};
		199D7E292BB5038100BE35D1 /* HomePage */ = {
			isa = PBXGroup;
			children = (
				199D7E282BB5038100BE35D1 /* Views */,
			);
			path = HomePage;
			sourceTree = "<group>";
		};
		199D7E2C2BB5038100BE35D1 /* ProfilePage */ = {
			isa = PBXGroup;
			children = (
			);
			path = ProfilePage;
			sourceTree = "<group>";
		};
		199D7E2E2BB5038100BE35D1 /* Views */ = {
			isa = PBXGroup;
			children = (
			);
			path = Views;
			sourceTree = "<group>";
		};
		199D7E2F2BB5038100BE35D1 /* SentPage */ = {
			isa = PBXGroup;
			children = (
				199D7E2E2BB5038100BE35D1 /* Views */,
			);
			path = SentPage;
			sourceTree = "<group>";
		};
		199D7E302BB5038100BE35D1 /* Pages */ = {
			isa = PBXGroup;
			children = (
				199D7E292BB5038100BE35D1 /* HomePage */,
				199D7E2C2BB5038100BE35D1 /* ProfilePage */,
				199D7E2F2BB5038100BE35D1 /* SentPage */,
			);
			name = Pages;
			path = "morse-app/Pages";
			sourceTree = SOURCE_ROOT;
		};
		199D7E362BB503CB00BE35D1 /* HomePage */ = {
			isa = PBXGroup;
			children = (
				199D7E422BB50B8D00BE35D1 /* HomeViewModel.swift */,
				5DDECC122BB53016002ABF34 /* HomeView.swift */,
			);
			path = HomePage;
			sourceTree = "<group>";
		};
		199D7E392BB503CB00BE35D1 /* ProfilePage */ = {
			isa = PBXGroup;
			children = (
				199D7E452BB50BB500BE35D1 /* ProfileViewModel.swift */,
				5D56D7DF2BB533DE00FDF72E /* ProfileView.swift */,
			);
			path = ProfilePage;
			sourceTree = "<group>";
		};
		199D7E3C2BB503CB00BE35D1 /* SentPage */ = {
			isa = PBXGroup;
			children = (
				5DDECC162BB531CF002ABF34 /* SentView.swift */,
				199D7E472BB50BC400BE35D1 /* SentViewModel.swift */,
			);
			path = SentPage;
			sourceTree = "<group>";
		};
		199D7E3D2BB503CB00BE35D1 /* Pages */ = {
			isa = PBXGroup;
			children = (
				5D56D7DE2BB532DF00FDF72E /* FriendList */,
				199D7E362BB503CB00BE35D1 /* HomePage */,
				199D7E392BB503CB00BE35D1 /* ProfilePage */,
				199D7E3C2BB503CB00BE35D1 /* SentPage */,
			);
			path = Pages;
			sourceTree = "<group>";
		};
		5D56D7DE2BB532DF00FDF72E /* FriendList */ = {
			isa = PBXGroup;
			children = (
				5DDECC182BB531E3002ABF34 /* FriendListView.swift */,
			);
			path = FriendList;
			sourceTree = "<group>";
		};
		5D56D7E12BB534A900FDF72E /* Frameworks */ = {
			isa = PBXGroup;
			children = (
			);
			name = Frameworks;
			sourceTree = "<group>";
		};
		5DDECBD62BB5251D002ABF34 /* VariousOtherThings */ = {
			isa = PBXGroup;
			children = (
				5DDECBD32BB5251D002ABF34 /* GetViewModel.swift */,
				5DDECBD42BB5251D002ABF34 /* SetProfileViewModel.swift */,
				5DDECBD52BB5251D002ABF34 /* SendViewModel.swift */,
				5DDECBD72BB5251D002ABF34 /* SendToDB.swift */,
				5DDECBD82BB5251D002ABF34 /* CheckPermission.swift */,
				5DDECBD92BB5251D002ABF34 /* ChangeImageSize.swift */,
				5DDECBDA2BB5251D002ABF34 /* AsyncCompactMap.swift */,
				5DDECBDD2BB5251D002ABF34 /* UIImagePickerView.swift */,
			);
			path = VariousOtherThings;
			sourceTree = "<group>";
		};
		5DDECC0D2BB527B8002ABF34 /* MorseManagers */ = {
			isa = PBXGroup;
			children = (
				198438312BB2861E00DD767B /* Manager.swift */,
				198438332BB2862D00DD767B /* Material.swift */,
				198438352BB2865900DD767B /* MorseData.swift */,
				198438372BB290D400DD767B /* SoundPlayer.swift */,
			);
			path = MorseManagers;
			sourceTree = "<group>";
		};
		5DDECC0E2BB527D7002ABF34 /* Asseets */ = {
			isa = PBXGroup;
			children = (
				4DEE1E2D2BB3EF79009FA417 /* 851Gkktt_005.ttf */,
			);
			path = Asseets;
			sourceTree = "<group>";
		};
		CEC8B8E02BB1AAD4002317CC = {
			isa = PBXGroup;
			children = (
				CEC8B8EB2BB1AAD4002317CC /* morse-app */,
				CEC8B8EA2BB1AAD4002317CC /* Products */,
				5D56D7E12BB534A900FDF72E /* Frameworks */,
			);
			sourceTree = "<group>";
		};
		CEC8B8EA2BB1AAD4002317CC /* Products */ = {
			isa = PBXGroup;
			children = (
				CEC8B8E92BB1AAD4002317CC /* morse-app.app */,
			);
			name = Products;
			sourceTree = "<group>";
		};
		CEC8B8EB2BB1AAD4002317CC /* morse-app */ = {
			isa = PBXGroup;
			children = (
				4DEE1E2E2BB3F094009FA417 /* Info.plist */,
				CEC8B8EC2BB1AAD4002317CC /* morse_appApp.swift */,
				CEC8B8EE2BB1AAD4002317CC /* ContentView.swift */,
				5DDECBDC2BB5251D002ABF34 /* Models.swift */,
				5DDECBDB2BB5251D002ABF34 /* FirebaseClient.swift */,
				5DDECC0D2BB527B8002ABF34 /* MorseManagers */,
				199D7E3D2BB503CB00BE35D1 /* Pages */,
				5DDECBD62BB5251D002ABF34 /* VariousOtherThings */,
				CEC8B8F02BB1AAD5002317CC /* Assets.xcassets */,
				5DDECC0E2BB527D7002ABF34 /* Asseets */,
				CEC8B8F22BB1AAD5002317CC /* Preview Content */,
			);
			path = "morse-app";
			sourceTree = "<group>";
		};
		CEC8B8F22BB1AAD5002317CC /* Preview Content */ = {
			isa = PBXGroup;
			children = (
				199D7E302BB5038100BE35D1 /* Pages */,
				CEC8B8F32BB1AAD5002317CC /* Preview Assets.xcassets */,
			);
			path = "Preview Content";
			sourceTree = "<group>";
		};
/* End PBXGroup section */

/* Begin PBXNativeTarget section */
		CEC8B8E82BB1AAD4002317CC /* morse-app */ = {
			isa = PBXNativeTarget;
			buildConfigurationList = CEC8B8F72BB1AAD5002317CC /* Build configuration list for PBXNativeTarget "morse-app" */;
			buildPhases = (
				CEC8B8E52BB1AAD4002317CC /* Sources */,
				CEC8B8E62BB1AAD4002317CC /* Frameworks */,
				CEC8B8E72BB1AAD4002317CC /* Resources */,
			);
			buildRules = (
			);
			dependencies = (
			);
			name = "morse-app";
			packageProductDependencies = (
				5DDECBE92BB5256A002ABF34 /* FirebaseAnalytics */,
				5DDECBEB2BB5256A002ABF34 /* FirebaseAnalyticsOnDeviceConversion */,
				5DDECBED2BB5256A002ABF34 /* FirebaseAnalyticsSwift */,
				5DDECBEF2BB5256A002ABF34 /* FirebaseAnalyticsWithoutAdIdSupport */,
				5DDECBF12BB5256A002ABF34 /* FirebaseAppCheck */,
				5DDECBF32BB5256A002ABF34 /* FirebaseAppDistribution-Beta */,
				5DDECBF52BB5256A002ABF34 /* FirebaseAuth */,
				5DDECBF72BB5256A002ABF34 /* FirebaseAuthCombine-Community */,
				5DDECBF92BB5256A002ABF34 /* FirebaseCrashlytics */,
				5DDECBFB2BB5256A002ABF34 /* FirebaseInAppMessagingSwift-Beta */,
				5DDECBFD2BB5256A002ABF34 /* FirebaseInstallations */,
				5DDECBFF2BB5256A002ABF34 /* FirebaseMLModelDownloader */,
				5DDECC012BB5256A002ABF34 /* FirebaseMessaging */,
				5DDECC032BB5256A002ABF34 /* FirebasePerformance */,
				5DDECC052BB5256A002ABF34 /* FirebaseRemoteConfig */,
				5DDECC072BB5256A002ABF34 /* FirebaseRemoteConfigSwift */,
				5DDECC092BB5256A002ABF34 /* FirebaseStorage */,
				5DDECC0B2BB5256A002ABF34 /* FirebaseStorageCombine-Community */,
				5D56D7E22BB534A900FDF72E /* FirebaseFirestore */,
				5D56D7E42BB534A900FDF72E /* FirebaseFirestoreCombine-Community */,
				5D56D7E62BB534A900FDF72E /* FirebaseFirestoreSwift */,
				5D56D7E82BB534CF00FDF72E /* FirebaseDatabase */,
				5D56D7EA2BB534CF00FDF72E /* FirebaseDatabaseSwift */,
			);
			productName = "morse-app";
			productReference = CEC8B8E92BB1AAD4002317CC /* morse-app.app */;
			productType = "com.apple.product-type.application";
		};
/* End PBXNativeTarget section */

/* Begin PBXProject section */
		CEC8B8E12BB1AAD4002317CC /* Project object */ = {
			isa = PBXProject;
			attributes = {
				BuildIndependentTargetsInParallel = 1;
				LastSwiftUpdateCheck = 1530;
				LastUpgradeCheck = 1530;
				TargetAttributes = {
					CEC8B8E82BB1AAD4002317CC = {
						CreatedOnToolsVersion = 15.3;
					};
				};
			};
			buildConfigurationList = CEC8B8E42BB1AAD4002317CC /* Build configuration list for PBXProject "morse-app" */;
			compatibilityVersion = "Xcode 14.0";
			developmentRegion = en;
			hasScannedForEncodings = 0;
			knownRegions = (
				en,
				Base,
			);
			mainGroup = CEC8B8E02BB1AAD4002317CC;
			packageReferences = (
				5DDECBE82BB5256A002ABF34 /* XCRemoteSwiftPackageReference "firebase-ios-sdk" */,
			);
			productRefGroup = CEC8B8EA2BB1AAD4002317CC /* Products */;
			projectDirPath = "";
			projectRoot = "";
			targets = (
				CEC8B8E82BB1AAD4002317CC /* morse-app */,
			);
		};
/* End PBXProject section */

/* Begin PBXResourcesBuildPhase section */
		CEC8B8E72BB1AAD4002317CC /* Resources */ = {
			isa = PBXResourcesBuildPhase;
			buildActionMask = 2147483647;
			files = (
				CEC8B8F42BB1AAD5002317CC /* Preview Assets.xcassets in Resources */,
				4DEE1E2F2BB3F0E8009FA417 /* 851Gkktt_005.ttf in Resources */,
				CEC8B8F12BB1AAD5002317CC /* Assets.xcassets in Resources */,
			);
			runOnlyForDeploymentPostprocessing = 0;
		};
/* End PBXResourcesBuildPhase section */

/* Begin PBXSourcesBuildPhase section */
		CEC8B8E52BB1AAD4002317CC /* Sources */ = {
			isa = PBXSourcesBuildPhase;
			buildActionMask = 2147483647;
			files = (
				199D7E332BB5038100BE35D1 /* (null) in Sources */,
				5DDECBE72BB5251D002ABF34 /* UIImagePickerView.swift in Sources */,
				5DDECBE02BB5251D002ABF34 /* SendViewModel.swift in Sources */,
				5D56D7EC2BB534FD00FDF72E /* HomeView.swift in Sources */,
				5DDECBE62BB5251D002ABF34 /* Models.swift in Sources */,
				199D7E432BB50B8D00BE35D1 /* HomeViewModel.swift in Sources */,
				198438362BB2865900DD767B /* MorseData.swift in Sources */,
				5D56D7E02BB533DE00FDF72E /* ProfileView.swift in Sources */,
				199D7E462BB50BB500BE35D1 /* ProfileViewModel.swift in Sources */,
				198438342BB2862D00DD767B /* Material.swift in Sources */,
				5DDECC192BB531E3002ABF34 /* FriendListView.swift in Sources */,
				5DDECBDF2BB5251D002ABF34 /* SetProfileViewModel.swift in Sources */,
				5DDECBE52BB5251D002ABF34 /* FirebaseClient.swift in Sources */,
				CEC8B8EF2BB1AAD4002317CC /* ContentView.swift in Sources */,
				5DDECBE42BB5251D002ABF34 /* AsyncCompactMap.swift in Sources */,
				5DDECBDE2BB5251D002ABF34 /* GetViewModel.swift in Sources */,
				199D7E482BB50BC400BE35D1 /* SentViewModel.swift in Sources */,
				198438322BB2861E00DD767B /* Manager.swift in Sources */,
				198438382BB290D400DD767B /* SoundPlayer.swift in Sources */,
				5DDECBE22BB5251D002ABF34 /* CheckPermission.swift in Sources */,
				5DDECBE32BB5251D002ABF34 /* ChangeImageSize.swift in Sources */,
				5DDECBE12BB5251D002ABF34 /* SendToDB.swift in Sources */,
				199D7E402BB503CB00BE35D1 /* (null) in Sources */,
				CEC8B8ED2BB1AAD4002317CC /* morse_appApp.swift in Sources */,
				5D56D7DD2BB532D400FDF72E /* SentView.swift in Sources */,
			);
			runOnlyForDeploymentPostprocessing = 0;
		};
/* End PBXSourcesBuildPhase section */

/* Begin XCBuildConfiguration section */
		CEC8B8F52BB1AAD5002317CC /* Debug */ = {
			isa = XCBuildConfiguration;
			buildSettings = {
				ALWAYS_SEARCH_USER_PATHS = NO;
				ASSETCATALOG_COMPILER_GENERATE_SWIFT_ASSET_SYMBOL_EXTENSIONS = YES;
				CLANG_ANALYZER_NONNULL = YES;
				CLANG_ANALYZER_NUMBER_OBJECT_CONVERSION = YES_AGGRESSIVE;
				CLANG_CXX_LANGUAGE_STANDARD = "gnu++20";
				CLANG_ENABLE_MODULES = YES;
				CLANG_ENABLE_OBJC_ARC = YES;
				CLANG_ENABLE_OBJC_WEAK = YES;
				CLANG_WARN_BLOCK_CAPTURE_AUTORELEASING = YES;
				CLANG_WARN_BOOL_CONVERSION = YES;
				CLANG_WARN_COMMA = YES;
				CLANG_WARN_CONSTANT_CONVERSION = YES;
				CLANG_WARN_DEPRECATED_OBJC_IMPLEMENTATIONS = YES;
				CLANG_WARN_DIRECT_OBJC_ISA_USAGE = YES_ERROR;
				CLANG_WARN_DOCUMENTATION_COMMENTS = YES;
				CLANG_WARN_EMPTY_BODY = YES;
				CLANG_WARN_ENUM_CONVERSION = YES;
				CLANG_WARN_INFINITE_RECURSION = YES;
				CLANG_WARN_INT_CONVERSION = YES;
				CLANG_WARN_NON_LITERAL_NULL_CONVERSION = YES;
				CLANG_WARN_OBJC_IMPLICIT_RETAIN_SELF = YES;
				CLANG_WARN_OBJC_LITERAL_CONVERSION = YES;
				CLANG_WARN_OBJC_ROOT_CLASS = YES_ERROR;
				CLANG_WARN_QUOTED_INCLUDE_IN_FRAMEWORK_HEADER = YES;
				CLANG_WARN_RANGE_LOOP_ANALYSIS = YES;
				CLANG_WARN_STRICT_PROTOTYPES = YES;
				CLANG_WARN_SUSPICIOUS_MOVE = YES;
				CLANG_WARN_UNGUARDED_AVAILABILITY = YES_AGGRESSIVE;
				CLANG_WARN_UNREACHABLE_CODE = YES;
				CLANG_WARN__DUPLICATE_METHOD_MATCH = YES;
				COPY_PHASE_STRIP = NO;
				DEBUG_INFORMATION_FORMAT = dwarf;
				ENABLE_STRICT_OBJC_MSGSEND = YES;
				ENABLE_TESTABILITY = YES;
				ENABLE_USER_SCRIPT_SANDBOXING = YES;
				GCC_C_LANGUAGE_STANDARD = gnu17;
				GCC_DYNAMIC_NO_PIC = NO;
				GCC_NO_COMMON_BLOCKS = YES;
				GCC_OPTIMIZATION_LEVEL = 0;
				GCC_PREPROCESSOR_DEFINITIONS = (
					"DEBUG=1",
					"$(inherited)",
				);
				GCC_WARN_64_TO_32_BIT_CONVERSION = YES;
				GCC_WARN_ABOUT_RETURN_TYPE = YES_ERROR;
				GCC_WARN_UNDECLARED_SELECTOR = YES;
				GCC_WARN_UNINITIALIZED_AUTOS = YES_AGGRESSIVE;
				GCC_WARN_UNUSED_FUNCTION = YES;
				GCC_WARN_UNUSED_VARIABLE = YES;
				IPHONEOS_DEPLOYMENT_TARGET = 17.4;
				LOCALIZATION_PREFERS_STRING_CATALOGS = YES;
				MTL_ENABLE_DEBUG_INFO = INCLUDE_SOURCE;
				MTL_FAST_MATH = YES;
				ONLY_ACTIVE_ARCH = YES;
				SDKROOT = iphoneos;
				SWIFT_ACTIVE_COMPILATION_CONDITIONS = "DEBUG $(inherited)";
				SWIFT_OPTIMIZATION_LEVEL = "-Onone";
			};
			name = Debug;
		};
		CEC8B8F62BB1AAD5002317CC /* Release */ = {
			isa = XCBuildConfiguration;
			buildSettings = {
				ALWAYS_SEARCH_USER_PATHS = NO;
				ASSETCATALOG_COMPILER_GENERATE_SWIFT_ASSET_SYMBOL_EXTENSIONS = YES;
				CLANG_ANALYZER_NONNULL = YES;
				CLANG_ANALYZER_NUMBER_OBJECT_CONVERSION = YES_AGGRESSIVE;
				CLANG_CXX_LANGUAGE_STANDARD = "gnu++20";
				CLANG_ENABLE_MODULES = YES;
				CLANG_ENABLE_OBJC_ARC = YES;
				CLANG_ENABLE_OBJC_WEAK = YES;
				CLANG_WARN_BLOCK_CAPTURE_AUTORELEASING = YES;
				CLANG_WARN_BOOL_CONVERSION = YES;
				CLANG_WARN_COMMA = YES;
				CLANG_WARN_CONSTANT_CONVERSION = YES;
				CLANG_WARN_DEPRECATED_OBJC_IMPLEMENTATIONS = YES;
				CLANG_WARN_DIRECT_OBJC_ISA_USAGE = YES_ERROR;
				CLANG_WARN_DOCUMENTATION_COMMENTS = YES;
				CLANG_WARN_EMPTY_BODY = YES;
				CLANG_WARN_ENUM_CONVERSION = YES;
				CLANG_WARN_INFINITE_RECURSION = YES;
				CLANG_WARN_INT_CONVERSION = YES;
				CLANG_WARN_NON_LITERAL_NULL_CONVERSION = YES;
				CLANG_WARN_OBJC_IMPLICIT_RETAIN_SELF = YES;
				CLANG_WARN_OBJC_LITERAL_CONVERSION = YES;
				CLANG_WARN_OBJC_ROOT_CLASS = YES_ERROR;
				CLANG_WARN_QUOTED_INCLUDE_IN_FRAMEWORK_HEADER = YES;
				CLANG_WARN_RANGE_LOOP_ANALYSIS = YES;
				CLANG_WARN_STRICT_PROTOTYPES = YES;
				CLANG_WARN_SUSPICIOUS_MOVE = YES;
				CLANG_WARN_UNGUARDED_AVAILABILITY = YES_AGGRESSIVE;
				CLANG_WARN_UNREACHABLE_CODE = YES;
				CLANG_WARN__DUPLICATE_METHOD_MATCH = YES;
				COPY_PHASE_STRIP = NO;
				DEBUG_INFORMATION_FORMAT = "dwarf-with-dsym";
				ENABLE_NS_ASSERTIONS = NO;
				ENABLE_STRICT_OBJC_MSGSEND = YES;
				ENABLE_USER_SCRIPT_SANDBOXING = YES;
				GCC_C_LANGUAGE_STANDARD = gnu17;
				GCC_NO_COMMON_BLOCKS = YES;
				GCC_WARN_64_TO_32_BIT_CONVERSION = YES;
				GCC_WARN_ABOUT_RETURN_TYPE = YES_ERROR;
				GCC_WARN_UNDECLARED_SELECTOR = YES;
				GCC_WARN_UNINITIALIZED_AUTOS = YES_AGGRESSIVE;
				GCC_WARN_UNUSED_FUNCTION = YES;
				GCC_WARN_UNUSED_VARIABLE = YES;
				IPHONEOS_DEPLOYMENT_TARGET = 17.4;
				LOCALIZATION_PREFERS_STRING_CATALOGS = YES;
				MTL_ENABLE_DEBUG_INFO = NO;
				MTL_FAST_MATH = YES;
				SDKROOT = iphoneos;
				SWIFT_COMPILATION_MODE = wholemodule;
				VALIDATE_PRODUCT = YES;
			};
			name = Release;
		};
		CEC8B8F82BB1AAD5002317CC /* Debug */ = {
			isa = XCBuildConfiguration;
			buildSettings = {
				ASSETCATALOG_COMPILER_APPICON_NAME = AppIcon;
				ASSETCATALOG_COMPILER_GLOBAL_ACCENT_COLOR_NAME = AccentColor;
				CODE_SIGN_STYLE = Automatic;
				CURRENT_PROJECT_VERSION = 1;
				DEVELOPMENT_ASSET_PATHS = "\"morse-app/Preview Content\"";
				DEVELOPMENT_TEAM = 8VQ7U9Z9U2;
				ENABLE_PREVIEWS = YES;
				GENERATE_INFOPLIST_FILE = YES;
				INFOPLIST_FILE = "morse-app/Info.plist";
				INFOPLIST_KEY_UIApplicationSceneManifest_Generation = YES;
				INFOPLIST_KEY_UIApplicationSupportsIndirectInputEvents = YES;
				INFOPLIST_KEY_UILaunchScreen_Generation = YES;
				INFOPLIST_KEY_UISupportedInterfaceOrientations_iPad = "UIInterfaceOrientationPortrait UIInterfaceOrientationPortraitUpsideDown UIInterfaceOrientationLandscapeLeft UIInterfaceOrientationLandscapeRight";
				INFOPLIST_KEY_UISupportedInterfaceOrientations_iPhone = "UIInterfaceOrientationPortrait UIInterfaceOrientationLandscapeLeft UIInterfaceOrientationLandscapeRight";
				IPHONEOS_DEPLOYMENT_TARGET = 17.2;
				LD_RUNPATH_SEARCH_PATHS = (
					"$(inherited)",
					"@executable_path/Frameworks",
				);
				MARKETING_VERSION = 1.0;
				PRODUCT_BUNDLE_IDENTIFIER = "com.kiyono.morse-app";
				PRODUCT_NAME = "$(TARGET_NAME)";
				SWIFT_EMIT_LOC_STRINGS = YES;
				SWIFT_VERSION = 5.0;
				TARGETED_DEVICE_FAMILY = "1,2";
			};
			name = Debug;
		};
		CEC8B8F92BB1AAD5002317CC /* Release */ = {
			isa = XCBuildConfiguration;
			buildSettings = {
				ASSETCATALOG_COMPILER_APPICON_NAME = AppIcon;
				ASSETCATALOG_COMPILER_GLOBAL_ACCENT_COLOR_NAME = AccentColor;
				CODE_SIGN_STYLE = Automatic;
				CURRENT_PROJECT_VERSION = 1;
				DEVELOPMENT_ASSET_PATHS = "\"morse-app/Preview Content\"";
				DEVELOPMENT_TEAM = 8VQ7U9Z9U2;
				ENABLE_PREVIEWS = YES;
				GENERATE_INFOPLIST_FILE = YES;
				INFOPLIST_FILE = "morse-app/Info.plist";
				INFOPLIST_KEY_UIApplicationSceneManifest_Generation = YES;
				INFOPLIST_KEY_UIApplicationSupportsIndirectInputEvents = YES;
				INFOPLIST_KEY_UILaunchScreen_Generation = YES;
				INFOPLIST_KEY_UISupportedInterfaceOrientations_iPad = "UIInterfaceOrientationPortrait UIInterfaceOrientationPortraitUpsideDown UIInterfaceOrientationLandscapeLeft UIInterfaceOrientationLandscapeRight";
				INFOPLIST_KEY_UISupportedInterfaceOrientations_iPhone = "UIInterfaceOrientationPortrait UIInterfaceOrientationLandscapeLeft UIInterfaceOrientationLandscapeRight";
				IPHONEOS_DEPLOYMENT_TARGET = 17.2;
				LD_RUNPATH_SEARCH_PATHS = (
					"$(inherited)",
					"@executable_path/Frameworks",
				);
				MARKETING_VERSION = 1.0;
				PRODUCT_BUNDLE_IDENTIFIER = "com.kiyono.morse-app";
				PRODUCT_NAME = "$(TARGET_NAME)";
				SWIFT_EMIT_LOC_STRINGS = YES;
				SWIFT_VERSION = 5.0;
				TARGETED_DEVICE_FAMILY = "1,2";
			};
			name = Release;
		};
/* End XCBuildConfiguration section */

/* Begin XCConfigurationList section */
		CEC8B8E42BB1AAD4002317CC /* Build configuration list for PBXProject "morse-app" */ = {
			isa = XCConfigurationList;
			buildConfigurations = (
				CEC8B8F52BB1AAD5002317CC /* Debug */,
				CEC8B8F62BB1AAD5002317CC /* Release */,
			);
			defaultConfigurationIsVisible = 0;
			defaultConfigurationName = Release;
		};
		CEC8B8F72BB1AAD5002317CC /* Build configuration list for PBXNativeTarget "morse-app" */ = {
			isa = XCConfigurationList;
			buildConfigurations = (
				CEC8B8F82BB1AAD5002317CC /* Debug */,
				CEC8B8F92BB1AAD5002317CC /* Release */,
			);
			defaultConfigurationIsVisible = 0;
			defaultConfigurationName = Release;
		};
/* End XCConfigurationList section */

/* Begin XCRemoteSwiftPackageReference section */
		5DDECBE82BB5256A002ABF34 /* XCRemoteSwiftPackageReference "firebase-ios-sdk" */ = {
			isa = XCRemoteSwiftPackageReference;
			repositoryURL = "https://github.com/firebase/firebase-ios-sdk";
			requirement = {
				kind = upToNextMajorVersion;
				minimumVersion = 10.23.0;
			};
		};
/* End XCRemoteSwiftPackageReference section */

/* Begin XCSwiftPackageProductDependency section */
		5D56D7E22BB534A900FDF72E /* FirebaseFirestore */ = {
			isa = XCSwiftPackageProductDependency;
			package = 5DDECBE82BB5256A002ABF34 /* XCRemoteSwiftPackageReference "firebase-ios-sdk" */;
			productName = FirebaseFirestore;
		};
		5D56D7E42BB534A900FDF72E /* FirebaseFirestoreCombine-Community */ = {
			isa = XCSwiftPackageProductDependency;
			package = 5DDECBE82BB5256A002ABF34 /* XCRemoteSwiftPackageReference "firebase-ios-sdk" */;
			productName = "FirebaseFirestoreCombine-Community";
		};
		5D56D7E62BB534A900FDF72E /* FirebaseFirestoreSwift */ = {
			isa = XCSwiftPackageProductDependency;
			package = 5DDECBE82BB5256A002ABF34 /* XCRemoteSwiftPackageReference "firebase-ios-sdk" */;
			productName = FirebaseFirestoreSwift;
		};
		5D56D7E82BB534CF00FDF72E /* FirebaseDatabase */ = {
			isa = XCSwiftPackageProductDependency;
			package = 5DDECBE82BB5256A002ABF34 /* XCRemoteSwiftPackageReference "firebase-ios-sdk" */;
			productName = FirebaseDatabase;
		};
		5D56D7EA2BB534CF00FDF72E /* FirebaseDatabaseSwift */ = {
			isa = XCSwiftPackageProductDependency;
			package = 5DDECBE82BB5256A002ABF34 /* XCRemoteSwiftPackageReference "firebase-ios-sdk" */;
			productName = FirebaseDatabaseSwift;
		};
		5DDECBE92BB5256A002ABF34 /* FirebaseAnalytics */ = {
			isa = XCSwiftPackageProductDependency;
			package = 5DDECBE82BB5256A002ABF34 /* XCRemoteSwiftPackageReference "firebase-ios-sdk" */;
			productName = FirebaseAnalytics;
		};
		5DDECBEB2BB5256A002ABF34 /* FirebaseAnalyticsOnDeviceConversion */ = {
			isa = XCSwiftPackageProductDependency;
			package = 5DDECBE82BB5256A002ABF34 /* XCRemoteSwiftPackageReference "firebase-ios-sdk" */;
			productName = FirebaseAnalyticsOnDeviceConversion;
		};
		5DDECBED2BB5256A002ABF34 /* FirebaseAnalyticsSwift */ = {
			isa = XCSwiftPackageProductDependency;
			package = 5DDECBE82BB5256A002ABF34 /* XCRemoteSwiftPackageReference "firebase-ios-sdk" */;
			productName = FirebaseAnalyticsSwift;
		};
		5DDECBEF2BB5256A002ABF34 /* FirebaseAnalyticsWithoutAdIdSupport */ = {
			isa = XCSwiftPackageProductDependency;
			package = 5DDECBE82BB5256A002ABF34 /* XCRemoteSwiftPackageReference "firebase-ios-sdk" */;
			productName = FirebaseAnalyticsWithoutAdIdSupport;
		};
		5DDECBF12BB5256A002ABF34 /* FirebaseAppCheck */ = {
			isa = XCSwiftPackageProductDependency;
			package = 5DDECBE82BB5256A002ABF34 /* XCRemoteSwiftPackageReference "firebase-ios-sdk" */;
			productName = FirebaseAppCheck;
		};
		5DDECBF32BB5256A002ABF34 /* FirebaseAppDistribution-Beta */ = {
			isa = XCSwiftPackageProductDependency;
			package = 5DDECBE82BB5256A002ABF34 /* XCRemoteSwiftPackageReference "firebase-ios-sdk" */;
			productName = "FirebaseAppDistribution-Beta";
		};
		5DDECBF52BB5256A002ABF34 /* FirebaseAuth */ = {
			isa = XCSwiftPackageProductDependency;
			package = 5DDECBE82BB5256A002ABF34 /* XCRemoteSwiftPackageReference "firebase-ios-sdk" */;
			productName = FirebaseAuth;
		};
		5DDECBF72BB5256A002ABF34 /* FirebaseAuthCombine-Community */ = {
			isa = XCSwiftPackageProductDependency;
			package = 5DDECBE82BB5256A002ABF34 /* XCRemoteSwiftPackageReference "firebase-ios-sdk" */;
			productName = "FirebaseAuthCombine-Community";
		};
		5DDECBF92BB5256A002ABF34 /* FirebaseCrashlytics */ = {
			isa = XCSwiftPackageProductDependency;
			package = 5DDECBE82BB5256A002ABF34 /* XCRemoteSwiftPackageReference "firebase-ios-sdk" */;
			productName = FirebaseCrashlytics;
		};
		5DDECBFB2BB5256A002ABF34 /* FirebaseInAppMessagingSwift-Beta */ = {
			isa = XCSwiftPackageProductDependency;
			package = 5DDECBE82BB5256A002ABF34 /* XCRemoteSwiftPackageReference "firebase-ios-sdk" */;
			productName = "FirebaseInAppMessagingSwift-Beta";
		};
		5DDECBFD2BB5256A002ABF34 /* FirebaseInstallations */ = {
			isa = XCSwiftPackageProductDependency;
			package = 5DDECBE82BB5256A002ABF34 /* XCRemoteSwiftPackageReference "firebase-ios-sdk" */;
			productName = FirebaseInstallations;
		};
		5DDECBFF2BB5256A002ABF34 /* FirebaseMLModelDownloader */ = {
			isa = XCSwiftPackageProductDependency;
			package = 5DDECBE82BB5256A002ABF34 /* XCRemoteSwiftPackageReference "firebase-ios-sdk" */;
			productName = FirebaseMLModelDownloader;
		};
		5DDECC012BB5256A002ABF34 /* FirebaseMessaging */ = {
			isa = XCSwiftPackageProductDependency;
			package = 5DDECBE82BB5256A002ABF34 /* XCRemoteSwiftPackageReference "firebase-ios-sdk" */;
			productName = FirebaseMessaging;
		};
		5DDECC032BB5256A002ABF34 /* FirebasePerformance */ = {
			isa = XCSwiftPackageProductDependency;
			package = 5DDECBE82BB5256A002ABF34 /* XCRemoteSwiftPackageReference "firebase-ios-sdk" */;
			productName = FirebasePerformance;
		};
		5DDECC052BB5256A002ABF34 /* FirebaseRemoteConfig */ = {
			isa = XCSwiftPackageProductDependency;
			package = 5DDECBE82BB5256A002ABF34 /* XCRemoteSwiftPackageReference "firebase-ios-sdk" */;
			productName = FirebaseRemoteConfig;
		};
		5DDECC072BB5256A002ABF34 /* FirebaseRemoteConfigSwift */ = {
			isa = XCSwiftPackageProductDependency;
			package = 5DDECBE82BB5256A002ABF34 /* XCRemoteSwiftPackageReference "firebase-ios-sdk" */;
			productName = FirebaseRemoteConfigSwift;
		};
		5DDECC092BB5256A002ABF34 /* FirebaseStorage */ = {
			isa = XCSwiftPackageProductDependency;
			package = 5DDECBE82BB5256A002ABF34 /* XCRemoteSwiftPackageReference "firebase-ios-sdk" */;
			productName = FirebaseStorage;
		};
		5DDECC0B2BB5256A002ABF34 /* FirebaseStorageCombine-Community */ = {
			isa = XCSwiftPackageProductDependency;
			package = 5DDECBE82BB5256A002ABF34 /* XCRemoteSwiftPackageReference "firebase-ios-sdk" */;
			productName = "FirebaseStorageCombine-Community";
		};
/* End XCSwiftPackageProductDependency section */
	};
	rootObject = CEC8B8E12BB1AAD4002317CC /* Project object */;
}
